
Microsoft Visual Studio Solution File, Format Version 12.00
# Visual Studio Version 17
VisualStudioVersion = 17.5.33424.131
MinimumVisualStudioVersion = 10.0.40219.1
Project("{9A19103F-16F7-4668-BE54-9A1E7A4F7556}") = "BuderDinner.Api", "BuderDinner.Api.csproj", "{A94E3649-F3E6-493C-99F4-3860FE9D1150}"
EndProject
Project("{9A19103F-16F7-4668-BE54-9A1E7A4F7556}") = "BuberDinner.Domain", "..\BuberDinner.Domain\BuberDinner.Domain.csproj", "{6C7A32BC-AE5F-4962-9ACC-ECA48BF13E74}"
EndProject
Project("{9A19103F-16F7-4668-BE54-9A1E7A4F7556}") = "BuberDinner.Application", "..\BuberDinner.Application\BuberDinner.Application.csproj", "{046100CF-CF40-4035-9649-F06A77C714AE}"
EndProject
Project("{9A19103F-16F7-4668-BE54-9A1E7A4F7556}") = "BuberDinner.Contracts", "..\BuberDinner.Contracts\BuberDinner.Contracts.csproj", "{8A44F3A7-902B-4F99-975F-8D221FC02DA6}"
EndProject
Project("{9A19103F-16F7-4668-BE54-9A1E7A4F7556}") = "BuberDinner.Infrastructure", "..\BuberDinner.Infrastructure\BuberDinner.Infrastructure.csproj", "{C398E4FC-6BE5-4A30-950F-C4B106420BC8}"
EndProject
Global
	GlobalSection(SolutionConfigurationPlatforms) = preSolution
		Debug|Any CPU = Debug|Any CPU
		Release|Any CPU = Release|Any CPU
	EndGlobalSection
	GlobalSection(ProjectConfigurationPlatforms) = postSolution
		{A94E3649-F3E6-493C-99F4-3860FE9D1150}.Debug|Any CPU.ActiveCfg = Debug|Any CPU
		{A94E3649-F3E6-493C-99F4-3860FE9D1150}.Debug|Any CPU.Build.0 = Debug|Any CPU
		{A94E3649-F3E6-493C-99F4-3860FE9D1150}.Release|Any CPU.ActiveCfg = Release|Any CPU
		{A94E3649-F3E6-493C-99F4-3860FE9D1150}.Release|Any CPU.Build.0 = Release|Any CPU
		{6C7A32BC-AE5F-4962-9ACC-ECA48BF13E74}.Debug|Any CPU.ActiveCfg = Debug|Any CPU
		{6C7A32BC-AE5F-4962-9ACC-ECA48BF13E74}.Debug|Any CPU.Build.0 = Debug|Any CPU
		{6C7A32BC-AE5F-4962-9ACC-ECA48BF13E74}.Release|Any CPU.ActiveCfg = Release|Any CPU
		{6C7A32BC-AE5F-4962-9ACC-ECA48BF13E74}.Release|Any CPU.Build.0 = Release|Any CPU
		{046100CF-CF40-4035-9649-F06A77C714AE}.Debug|Any CPU.ActiveCfg = Debug|Any CPU
		{046100CF-CF40-4035-9649-F06A77C714AE}.Debug|Any CPU.Build.0 = Debug|Any CPU
		{046100CF-CF40-4035-9649-F06A77C714AE}.Release|Any CPU.ActiveCfg = Release|Any CPU
		{046100CF-CF40-4035-9649-F06A77C714AE}.Release|Any CPU.Build.0 = Release|Any CPU
		{8A44F3A7-902B-4F99-975F-8D221FC02DA6}.Debug|Any CPU.ActiveCfg = Debug|Any CPU
		{8A44F3A7-902B-4F99-975F-8D221FC02DA6}.Debug|Any CPU.Build.0 = Debug|Any CPU
		{8A44F3A7-902B-4F99-975F-8D221FC02DA6}.Release|Any CPU.ActiveCfg = Release|Any CPU
		{8A44F3A7-902B-4F99-975F-8D221FC02DA6}.Release|Any CPU.Build.0 = Release|Any CPU
		{C398E4FC-6BE5-4A30-950F-C4B106420BC8}.Debug|Any CPU.ActiveCfg = Debug|Any CPU
		{C398E4FC-6BE5-4A30-950F-C4B106420BC8}.Debug|Any CPU.Build.0 = Debug|Any CPU
		{C398E4FC-6BE5-4A30-950F-C4B106420BC8}.Release|Any CPU.ActiveCfg = Release|Any CPU
		{C398E4FC-6BE5-4A30-950F-C4B106420BC8}.Release|Any CPU.Build.0 = Release|Any CPU
	EndGlobalSection
	GlobalSection(SolutionProperties) = preSolution
		HideSolutionNode = FALSE
	EndGlobalSection
	GlobalSection(ExtensibilityGlobals) = postSolution
		SolutionGuid = {349426C5-224C-493E-AF3A-D50FFACAB008}
	EndGlobalSection
EndGlobal
